// !$*UTF8*$!
{
	archiveVersion = 1;
	classes = {
	};
	objectVersion = 55;
	objects = {

/* Begin PBXBuildFile section */
		58BAAAC628BEA5B8004523F9 /* ExampleApp.swift in Sources */ = {isa = PBXBuildFile; fileRef = 58BAAAC528BEA5B8004523F9 /* ExampleApp.swift */; };
		58BAAAC828BEA5B8004523F9 /* ContentView.swift in Sources */ = {isa = PBXBuildFile; fileRef = 58BAAAC728BEA5B8004523F9 /* ContentView.swift */; };
		58BAAACA28BEA5BA004523F9 /* Assets.xcassets in Resources */ = {isa = PBXBuildFile; fileRef = 58BAAAC928BEA5BA004523F9 /* Assets.xcassets */; };
		58BAAACD28BEA5BA004523F9 /* Preview Assets.xcassets in Resources */ = {isa = PBXBuildFile; fileRef = 58BAAACC28BEA5BA004523F9 /* Preview Assets.xcassets */; };
		58BAAAD728BEA5BA004523F9 /* ExampleTests.swift in Sources */ = {isa = PBXBuildFile; fileRef = 58BAAAD628BEA5BA004523F9 /* ExampleTests.swift */; };
		58BAAAE128BEA5BA004523F9 /* ExampleUITests.swift in Sources */ = {isa = PBXBuildFile; fileRef = 58BAAAE028BEA5BA004523F9 /* ExampleUITests.swift */; };
		58BAAAE328BEA5BA004523F9 /* ExampleUITestsLaunchTests.swift in Sources */ = {isa = PBXBuildFile; fileRef = 58BAAAE228BEA5BA004523F9 /* ExampleUITestsLaunchTests.swift */; };
		58BAAAF128BEA5F9004523F9 /* PagingTabView in Frameworks */ = {isa = PBXBuildFile; productRef = 58BAAAF028BEA5F9004523F9 /* PagingTabView */; };
		58BAAAF428BEA6B0004523F9 /* Color+Extensions.swift in Sources */ = {isa = PBXBuildFile; fileRef = 58BAAAF328BEA6B0004523F9 /* Color+Extensions.swift */; };
/* End PBXBuildFile section */

/* Begin PBXContainerItemProxy section */
		58BAAAD328BEA5BA004523F9 /* PBXContainerItemProxy */ = {
			isa = PBXContainerItemProxy;
			containerPortal = 58BAAABA28BEA5B8004523F9 /* Project object */;
			proxyType = 1;
			remoteGlobalIDString = 58BAAAC128BEA5B8004523F9;
			remoteInfo = Example;
		};
		58BAAADD28BEA5BA004523F9 /* PBXContainerItemProxy */ = {
			isa = PBXContainerItemProxy;
			containerPortal = 58BAAABA28BEA5B8004523F9 /* Project object */;
			proxyType = 1;
			remoteGlobalIDString = 58BAAAC128BEA5B8004523F9;
			remoteInfo = Example;
		};
/* End PBXContainerItemProxy section */

/* Begin PBXFileReference section */
		58BAAAC228BEA5B8004523F9 /* Example.app */ = {isa = PBXFileReference; explicitFileType = wrapper.application; includeInIndex = 0; path = Example.app; sourceTree = BUILT_PRODUCTS_DIR; };
		58BAAAC528BEA5B8004523F9 /* ExampleApp.swift */ = {isa = PBXFileReference; lastKnownFileType = sourcecode.swift; path = ExampleApp.swift; sourceTree = "<group>"; };
		58BAAAC728BEA5B8004523F9 /* ContentView.swift */ = {isa = PBXFileReference; lastKnownFileType = sourcecode.swift; path = ContentView.swift; sourceTree = "<group>"; };
		58BAAAC928BEA5BA004523F9 /* Assets.xcassets */ = {isa = PBXFileReference; lastKnownFileType = folder.assetcatalog; path = Assets.xcassets; sourceTree = "<group>"; };
		58BAAACC28BEA5BA004523F9 /* Preview Assets.xcassets */ = {isa = PBXFileReference; lastKnownFileType = folder.assetcatalog; path = "Preview Assets.xcassets"; sourceTree = "<group>"; };
		58BAAAD228BEA5BA004523F9 /* ExampleTests.xctest */ = {isa = PBXFileReference; explicitFileType = wrapper.cfbundle; includeInIndex = 0; path = ExampleTests.xctest; sourceTree = BUILT_PRODUCTS_DIR; };
		58BAAAD628BEA5BA004523F9 /* ExampleTests.swift */ = {isa = PBXFileReference; lastKnownFileType = sourcecode.swift; path = ExampleTests.swift; sourceTree = "<group>"; };
		58BAAADC28BEA5BA004523F9 /* ExampleUITests.xctest */ = {isa = PBXFileReference; explicitFileType = wrapper.cfbundle; includeInIndex = 0; path = ExampleUITests.xctest; sourceTree = BUILT_PRODUCTS_DIR; };
		58BAAAE028BEA5BA004523F9 /* ExampleUITests.swift */ = {isa = PBXFileReference; lastKnownFileType = sourcecode.swift; path = ExampleUITests.swift; sourceTree = "<group>"; };
		58BAAAE228BEA5BA004523F9 /* ExampleUITestsLaunchTests.swift */ = {isa = PBXFileReference; lastKnownFileType = sourcecode.swift; path = ExampleUITestsLaunchTests.swift; sourceTree = "<group>"; };
		58BAAAF328BEA6B0004523F9 /* Color+Extensions.swift */ = {isa = PBXFileReference; lastKnownFileType = sourcecode.swift; path = "Color+Extensions.swift"; sourceTree = "<group>"; };
/* End PBXFileReference section */

/* Begin PBXFrameworksBuildPhase section */
		58BAAABF28BEA5B8004523F9 /* Frameworks */ = {
			isa = PBXFrameworksBuildPhase;
			buildActionMask = 2147483647;
			files = (
				58BAAAF128BEA5F9004523F9 /* PagingTabView in Frameworks */,
			);
			runOnlyForDeploymentPostprocessing = 0;
		};
		58BAAACF28BEA5BA004523F9 /* Frameworks */ = {
			isa = PBXFrameworksBuildPhase;
			buildActionMask = 2147483647;
			files = (
			);
			runOnlyForDeploymentPostprocessing = 0;
		};
		58BAAAD928BEA5BA004523F9 /* Frameworks */ = {
			isa = PBXFrameworksBuildPhase;
			buildActionMask = 2147483647;
			files = (
			);
			runOnlyForDeploymentPostprocessing = 0;
		};
/* End PBXFrameworksBuildPhase section */

/* Begin PBXGroup section */
		58BAAAB928BEA5B8004523F9 = {
			isa = PBXGroup;
			children = (
				58BAAAC428BEA5B8004523F9 /* Example */,
				58BAAAD528BEA5BA004523F9 /* ExampleTests */,
				58BAAADF28BEA5BA004523F9 /* ExampleUITests */,
				58BAAAC328BEA5B8004523F9 /* Products */,
			);
			sourceTree = "<group>";
		};
		58BAAAC328BEA5B8004523F9 /* Products */ = {
			isa = PBXGroup;
			children = (
				58BAAAC228BEA5B8004523F9 /* Example.app */,
				58BAAAD228BEA5BA004523F9 /* ExampleTests.xctest */,
				58BAAADC28BEA5BA004523F9 /* ExampleUITests.xctest */,
			);
			name = Products;
			sourceTree = "<group>";
		};
		58BAAAC428BEA5B8004523F9 /* Example */ = {
			isa = PBXGroup;
			children = (
				58BAAAF228BEA6A2004523F9 /* Helpers */,
				58BAAAC528BEA5B8004523F9 /* ExampleApp.swift */,
				58BAAAC728BEA5B8004523F9 /* ContentView.swift */,
				58BAAAC928BEA5BA004523F9 /* Assets.xcassets */,
				58BAAACB28BEA5BA004523F9 /* Preview Content */,
			);
			path = Example;
			sourceTree = "<group>";
		};
		58BAAACB28BEA5BA004523F9 /* Preview Content */ = {
			isa = PBXGroup;
			children = (
				58BAAACC28BEA5BA004523F9 /* Preview Assets.xcassets */,
			);
			path = "Preview Content";
			sourceTree = "<group>";
		};
		58BAAAD528BEA5BA004523F9 /* ExampleTests */ = {
			isa = PBXGroup;
			children = (
				58BAAAD628BEA5BA004523F9 /* ExampleTests.swift */,
			);
			path = ExampleTests;
			sourceTree = "<group>";
		};
		58BAAADF28BEA5BA004523F9 /* ExampleUITests */ = {
			isa = PBXGroup;
			children = (
				58BAAAE028BEA5BA004523F9 /* ExampleUITests.swift */,
				58BAAAE228BEA5BA004523F9 /* ExampleUITestsLaunchTests.swift */,
			);
			path = ExampleUITests;
			sourceTree = "<group>";
		};
		58BAAAF228BEA6A2004523F9 /* Helpers */ = {
			isa = PBXGroup;
			children = (
				58BAAAF328BEA6B0004523F9 /* Color+Extensions.swift */,
			);
			path = Helpers;
			sourceTree = "<group>";
		};
/* End PBXGroup section */

/* Begin PBXNativeTarget section */
		58BAAAC128BEA5B8004523F9 /* Example */ = {
			isa = PBXNativeTarget;
			buildConfigurationList = 58BAAAE628BEA5BA004523F9 /* Build configuration list for PBXNativeTarget "Example" */;
			buildPhases = (
				58BAAABE28BEA5B8004523F9 /* Sources */,
				58BAAABF28BEA5B8004523F9 /* Frameworks */,
				58BAAAC028BEA5B8004523F9 /* Resources */,
			);
			buildRules = (
			);
			dependencies = (
			);
			name = Example;
			packageProductDependencies = (
				58BAAAF028BEA5F9004523F9 /* PagingTabView */,
			);
			productName = Example;
			productReference = 58BAAAC228BEA5B8004523F9 /* Example.app */;
			productType = "com.apple.product-type.application";
		};
		58BAAAD128BEA5BA004523F9 /* ExampleTests */ = {
			isa = PBXNativeTarget;
			buildConfigurationList = 58BAAAE928BEA5BA004523F9 /* Build configuration list for PBXNativeTarget "ExampleTests" */;
			buildPhases = (
				58BAAACE28BEA5BA004523F9 /* Sources */,
				58BAAACF28BEA5BA004523F9 /* Frameworks */,
				58BAAAD028BEA5BA004523F9 /* Resources */,
			);
			buildRules = (
			);
			dependencies = (
				58BAAAD428BEA5BA004523F9 /* PBXTargetDependency */,
			);
			name = ExampleTests;
			productName = ExampleTests;
			productReference = 58BAAAD228BEA5BA004523F9 /* ExampleTests.xctest */;
			productType = "com.apple.product-type.bundle.unit-test";
		};
		58BAAADB28BEA5BA004523F9 /* ExampleUITests */ = {
			isa = PBXNativeTarget;
			buildConfigurationList = 58BAAAEC28BEA5BA004523F9 /* Build configuration list for PBXNativeTarget "ExampleUITests" */;
			buildPhases = (
				58BAAAD828BEA5BA004523F9 /* Sources */,
				58BAAAD928BEA5BA004523F9 /* Frameworks */,
				58BAAADA28BEA5BA004523F9 /* Resources */,
			);
			buildRules = (
			);
			dependencies = (
				58BAAADE28BEA5BA004523F9 /* PBXTargetDependency */,
			);
			name = ExampleUITests;
			productName = ExampleUITests;
			productReference = 58BAAADC28BEA5BA004523F9 /* ExampleUITests.xctest */;
			productType = "com.apple.product-type.bundle.ui-testing";
		};
/* End PBXNativeTarget section */

/* Begin PBXProject section */
		58BAAABA28BEA5B8004523F9 /* Project object */ = {
			isa = PBXProject;
			attributes = {
				BuildIndependentTargetsInParallel = 1;
				LastSwiftUpdateCheck = 1340;
				LastUpgradeCheck = 1340;
				TargetAttributes = {
					58BAAAC128BEA5B8004523F9 = {
						CreatedOnToolsVersion = 13.4.1;
					};
					58BAAAD128BEA5BA004523F9 = {
						CreatedOnToolsVersion = 13.4.1;
						TestTargetID = 58BAAAC128BEA5B8004523F9;
					};
					58BAAADB28BEA5BA004523F9 = {
						CreatedOnToolsVersion = 13.4.1;
						TestTargetID = 58BAAAC128BEA5B8004523F9;
					};
				};
			};
			buildConfigurationList = 58BAAABD28BEA5B8004523F9 /* Build configuration list for PBXProject "Example" */;
			compatibilityVersion = "Xcode 13.0";
			developmentRegion = en;
			hasScannedForEncodings = 0;
			knownRegions = (
				en,
				Base,
			);
			mainGroup = 58BAAAB928BEA5B8004523F9;
			packageReferences = (
				58BAAAEF28BEA5F9004523F9 /* XCRemoteSwiftPackageReference "PagingTabView" */,
			);
			productRefGroup = 58BAAAC328BEA5B8004523F9 /* Products */;
			projectDirPath = "";
			projectRoot = "";
			targets = (
				58BAAAC128BEA5B8004523F9 /* Example */,
				58BAAAD128BEA5BA004523F9 /* ExampleTests */,
				58BAAADB28BEA5BA004523F9 /* ExampleUITests */,
			);
		};
/* End PBXProject section */

/* Begin PBXResourcesBuildPhase section */
		58BAAAC028BEA5B8004523F9 /* Resources */ = {
			isa = PBXResourcesBuildPhase;
			buildActionMask = 2147483647;
			files = (
				58BAAACD28BEA5BA004523F9 /* Preview Assets.xcassets in Resources */,
				58BAAACA28BEA5BA004523F9 /* Assets.xcassets in Resources */,
			);
			runOnlyForDeploymentPostprocessing = 0;
		};
		58BAAAD028BEA5BA004523F9 /* Resources */ = {
			isa = PBXResourcesBuildPhase;
			buildActionMask = 2147483647;
			files = (
			);
			runOnlyForDeploymentPostprocessing = 0;
		};
		58BAAADA28BEA5BA004523F9 /* Resources */ = {
			isa = PBXResourcesBuildPhase;
			buildActionMask = 2147483647;
			files = (
			);
			runOnlyForDeploymentPostprocessing = 0;
		};
/* End PBXResourcesBuildPhase section */

/* Begin PBXSourcesBuildPhase section */
		58BAAABE28BEA5B8004523F9 /* Sources */ = {
			isa = PBXSourcesBuildPhase;
			buildActionMask = 2147483647;
			files = (
				58BAAAC828BEA5B8004523F9 /* ContentView.swift in Sources */,
				58BAAAC628BEA5B8004523F9 /* ExampleApp.swift in Sources */,
				58BAAAF428BEA6B0004523F9 /* Color+Extensions.swift in Sources */,
			);
			runOnlyForDeploymentPostprocessing = 0;
		};
		58BAAACE28BEA5BA004523F9 /* Sources */ = {
			isa = PBXSourcesBuildPhase;
			buildActionMask = 2147483647;
			files = (
				58BAAAD728BEA5BA004523F9 /* ExampleTests.swift in Sources */,
			);
			runOnlyForDeploymentPostprocessing = 0;
		};
		58BAAAD828BEA5BA004523F9 /* Sources */ = {
			isa = PBXSourcesBuildPhase;
			buildActionMask = 2147483647;
			files = (
				58BAAAE128BEA5BA004523F9 /* ExampleUITests.swift in Sources */,
				58BAAAE328BEA5BA004523F9 /* ExampleUITestsLaunchTests.swift in Sources */,
			);
			runOnlyForDeploymentPostprocessing = 0;
		};
/* End PBXSourcesBuildPhase section */

/* Begin PBXTargetDependency section */
		58BAAAD428BEA5BA004523F9 /* PBXTargetDependency */ = {
			isa = PBXTargetDependency;
			target = 58BAAAC128BEA5B8004523F9 /* Example */;
			targetProxy = 58BAAAD328BEA5BA004523F9 /* PBXContainerItemProxy */;
		};
		58BAAADE28BEA5BA004523F9 /* PBXTargetDependency */ = {
			isa = PBXTargetDependency;
			target = 58BAAAC128BEA5B8004523F9 /* Example */;
			targetProxy = 58BAAADD28BEA5BA004523F9 /* PBXContainerItemProxy */;
		};
/* End PBXTargetDependency section */

/* Begin XCBuildConfiguration section */
		58BAAAE428BEA5BA004523F9 /* Debug */ = {
			isa = XCBuildConfiguration;
			buildSettings = {
				ALWAYS_SEARCH_USER_PATHS = NO;
				CLANG_ANALYZER_NONNULL = YES;
				CLANG_ANALYZER_NUMBER_OBJECT_CONVERSION = YES_AGGRESSIVE;
				CLANG_CXX_LANGUAGE_STANDARD = "gnu++17";
				CLANG_ENABLE_MODULES = YES;
				CLANG_ENABLE_OBJC_ARC = YES;
				CLANG_ENABLE_OBJC_WEAK = YES;
				CLANG_WARN_BLOCK_CAPTURE_AUTORELEASING = YES;
				CLANG_WARN_BOOL_CONVERSION = YES;
				CLANG_WARN_COMMA = YES;
				CLANG_WARN_CONSTANT_CONVERSION = YES;
				CLANG_WARN_DEPRECATED_OBJC_IMPLEMENTATIONS = YES;
				CLANG_WARN_DIRECT_OBJC_ISA_USAGE = YES_ERROR;
				CLANG_WARN_DOCUMENTATION_COMMENTS = YES;
				CLANG_WARN_EMPTY_BODY = YES;
				CLANG_WARN_ENUM_CONVERSION = YES;
				CLANG_WARN_INFINITE_RECURSION = YES;
				CLANG_WARN_INT_CONVERSION = YES;
				CLANG_WARN_NON_LITERAL_NULL_CONVERSION = YES;
				CLANG_WARN_OBJC_IMPLICIT_RETAIN_SELF = YES;
				CLANG_WARN_OBJC_LITERAL_CONVERSION = YES;
				CLANG_WARN_OBJC_ROOT_CLASS = YES_ERROR;
				CLANG_WARN_QUOTED_INCLUDE_IN_FRAMEWORK_HEADER = YES;
				CLANG_WARN_RANGE_LOOP_ANALYSIS = YES;
				CLANG_WARN_STRICT_PROTOTYPES = YES;
				CLANG_WARN_SUSPICIOUS_MOVE = YES;
				CLANG_WARN_UNGUARDED_AVAILABILITY = YES_AGGRESSIVE;
				CLANG_WARN_UNREACHABLE_CODE = YES;
				CLANG_WARN__DUPLICATE_METHOD_MATCH = YES;
				COPY_PHASE_STRIP = NO;
				DEBUG_INFORMATION_FORMAT = dwarf;
				ENABLE_STRICT_OBJC_MSGSEND = YES;
				ENABLE_TESTABILITY = YES;
				GCC_C_LANGUAGE_STANDARD = gnu11;
				GCC_DYNAMIC_NO_PIC = NO;
				GCC_NO_COMMON_BLOCKS = YES;
				GCC_OPTIMIZATION_LEVEL = 0;
				GCC_PREPROCESSOR_DEFINITIONS = (
					"DEBUG=1",
					"$(inherited)",
				);
				GCC_WARN_64_TO_32_BIT_CONVERSION = YES;
				GCC_WARN_ABOUT_RETURN_TYPE = YES_ERROR;
				GCC_WARN_UNDECLARED_SELECTOR = YES;
				GCC_WARN_UNINITIALIZED_AUTOS = YES_AGGRESSIVE;
				GCC_WARN_UNUSED_FUNCTION = YES;
				GCC_WARN_UNUSED_VARIABLE = YES;
				IPHONEOS_DEPLOYMENT_TARGET = 14.0;
				MTL_ENABLE_DEBUG_INFO = INCLUDE_SOURCE;
				MTL_FAST_MATH = YES;
				ONLY_ACTIVE_ARCH = YES;
				SDKROOT = iphoneos;
				SWIFT_ACTIVE_COMPILATION_CONDITIONS = DEBUG;
				SWIFT_OPTIMIZATION_LEVEL = "-Onone";
			};
			name = Debug;
		};
		58BAAAE528BEA5BA004523F9 /* Release */ = {
			isa = XCBuildConfiguration;
			buildSettings = {
				ALWAYS_SEARCH_USER_PATHS = NO;
				CLANG_ANALYZER_NONNULL = YES;
				CLANG_ANALYZER_NUMBER_OBJECT_CONVERSION = YES_AGGRESSIVE;
				CLANG_CXX_LANGUAGE_STANDARD = "gnu++17";
				CLANG_ENABLE_MODULES = YES;
				CLANG_ENABLE_OBJC_ARC = YES;
				CLANG_ENABLE_OBJC_WEAK = YES;
				CLANG_WARN_BLOCK_CAPTURE_AUTORELEASING = YES;
				CLANG_WARN_BOOL_CONVERSION = YES;
				CLANG_WARN_COMMA = YES;
				CLANG_WARN_CONSTANT_CONVERSION = YES;
				CLANG_WARN_DEPRECATED_OBJC_IMPLEMENTATIONS = YES;
				CLANG_WARN_DIRECT_OBJC_ISA_USAGE = YES_ERROR;
				CLANG_WARN_DOCUMENTATION_COMMENTS = YES;
				CLANG_WARN_EMPTY_BODY = YES;
				CLANG_WARN_ENUM_CONVERSION = YES;
				CLANG_WARN_INFINITE_RECURSION = YES;
				CLANG_WARN_INT_CONVERSION = YES;
				CLANG_WARN_NON_LITERAL_NULL_CONVERSION = YES;
				CLANG_WARN_OBJC_IMPLICIT_RETAIN_SELF = YES;
				CLANG_WARN_OBJC_LITERAL_CONVERSION = YES;
				CLANG_WARN_OBJC_ROOT_CLASS = YES_ERROR;
				CLANG_WARN_QUOTED_INCLUDE_IN_FRAMEWORK_HEADER = YES;
				CLANG_WARN_RANGE_LOOP_ANALYSIS = YES;
				CLANG_WARN_STRICT_PROTOTYPES = YES;
				CLANG_WARN_SUSPICIOUS_MOVE = YES;
				CLANG_WARN_UNGUARDED_AVAILABILITY = YES_AGGRESSIVE;
				CLANG_WARN_UNREACHABLE_CODE = YES;
				CLANG_WARN__DUPLICATE_METHOD_MATCH = YES;
				COPY_PHASE_STRIP = NO;
				DEBUG_INFORMATION_FORMAT = "dwarf-with-dsym";
				ENABLE_NS_ASSERTIONS = NO;
				ENABLE_STRICT_OBJC_MSGSEND = YES;
				GCC_C_LANGUAGE_STANDARD = gnu11;
				GCC_NO_COMMON_BLOCKS = YES;
				GCC_WARN_64_TO_32_BIT_CONVERSION = YES;
				GCC_WARN_ABOUT_RETURN_TYPE = YES_ERROR;
				GCC_WARN_UNDECLARED_SELECTOR = YES;
				GCC_WARN_UNINITIALIZED_AUTOS = YES_AGGRESSIVE;
				GCC_WARN_UNUSED_FUNCTION = YES;
				GCC_WARN_UNUSED_VARIABLE = YES;
				IPHONEOS_DEPLOYMENT_TARGET = 14.0;
				MTL_ENABLE_DEBUG_INFO = NO;
				MTL_FAST_MATH = YES;
				SDKROOT = iphoneos;
				SWIFT_COMPILATION_MODE = wholemodule;
				SWIFT_OPTIMIZATION_LEVEL = "-O";
				VALIDATE_PRODUCT = YES;
			};
			name = Release;
		};
		58BAAAE728BEA5BA004523F9 /* Debug */ = {
			isa = XCBuildConfiguration;
			buildSettings = {
				ASSETCATALOG_COMPILER_APPICON_NAME = AppIcon;
				ASSETCATALOG_COMPILER_GLOBAL_ACCENT_COLOR_NAME = AccentColor;
				CODE_SIGN_STYLE = Automatic;
				CURRENT_PROJECT_VERSION = 1;
				DEVELOPMENT_ASSET_PATHS = "\"Example/Preview Content\"";
				ENABLE_PREVIEWS = YES;
				GENERATE_INFOPLIST_FILE = YES;
				INFOPLIST_KEY_UIApplicationSceneManifest_Generation = YES;
				INFOPLIST_KEY_UIApplicationSupportsIndirectInputEvents = YES;
				INFOPLIST_KEY_UILaunchScreen_Generation = YES;
				INFOPLIST_KEY_UISupportedInterfaceOrientations_iPad = "UIInterfaceOrientationPortrait UIInterfaceOrientationPortraitUpsideDown UIInterfaceOrientationLandscapeLeft UIInterfaceOrientationLandscapeRight";
				INFOPLIST_KEY_UISupportedInterfaceOrientations_iPhone = "UIInterfaceOrientationPortrait UIInterfaceOrientationLandscapeLeft UIInterfaceOrientationLandscapeRight";
				IPHONEOS_DEPLOYMENT_TARGET = 14.0;
				LD_RUNPATH_SEARCH_PATHS = (
					"$(inherited)",
					"@executable_path/Frameworks",
				);
				MARKETING_VERSION = 1.0;
				PRODUCT_BUNDLE_IDENTIFIER = hu.example.paging.tab.view.Example;
				PRODUCT_NAME = "$(TARGET_NAME)";
				SWIFT_EMIT_LOC_STRINGS = YES;
				SWIFT_VERSION = 5.0;
				TARGETED_DEVICE_FAMILY = "1,2";
			};
			name = Debug;
		};
		58BAAAE828BEA5BA004523F9 /* Release */ = {
			isa = XCBuildConfiguration;
			buildSettings = {
				ASSETCATALOG_COMPILER_APPICON_NAME = AppIcon;
				ASSETCATALOG_COMPILER_GLOBAL_ACCENT_COLOR_NAME = AccentColor;
				CODE_SIGN_STYLE = Automatic;
				CURRENT_PROJECT_VERSION = 1;
				DEVELOPMENT_ASSET_PATHS = "\"Example/Preview Content\"";
				ENABLE_PREVIEWS = YES;
				GENERATE_INFOPLIST_FILE = YES;
				INFOPLIST_KEY_UIApplicationSceneManifest_Generation = YES;
				INFOPLIST_KEY_UIApplicationSupportsIndirectInputEvents = YES;
				INFOPLIST_KEY_UILaunchScreen_Generation = YES;
				INFOPLIST_KEY_UISupportedInterfaceOrientations_iPad = "UIInterfaceOrientationPortrait UIInterfaceOrientationPortraitUpsideDown UIInterfaceOrientationLandscapeLeft UIInterfaceOrientationLandscapeRight";
				INFOPLIST_KEY_UISupportedInterfaceOrientations_iPhone = "UIInterfaceOrientationPortrait UIInterfaceOrientationLandscapeLeft UIInterfaceOrientationLandscapeRight";
				IPHONEOS_DEPLOYMENT_TARGET = 14.0;
				LD_RUNPATH_SEARCH_PATHS = (
					"$(inherited)",
					"@executable_path/Frameworks",
				);
				MARKETING_VERSION = 1.0;
				PRODUCT_BUNDLE_IDENTIFIER = hu.example.paging.tab.view.Example;
				PRODUCT_NAME = "$(TARGET_NAME)";
				SWIFT_EMIT_LOC_STRINGS = YES;
				SWIFT_VERSION = 5.0;
				TARGETED_DEVICE_FAMILY = "1,2";
			};
			name = Release;
		};
		58BAAAEA28BEA5BA004523F9 /* Debug */ = {
			isa = XCBuildConfiguration;
			buildSettings = {
				ALWAYS_EMBED_SWIFT_STANDARD_LIBRARIES = YES;
				BUNDLE_LOADER = "$(TEST_HOST)";
				CODE_SIGN_STYLE = Automatic;
				CURRENT_PROJECT_VERSION = 1;
				GENERATE_INFOPLIST_FILE = YES;
				IPHONEOS_DEPLOYMENT_TARGET = 15.5;
				MARKETING_VERSION = 1.0;
				PRODUCT_BUNDLE_IDENTIFIER = hu.example.paging.tab.view.ExampleTests;
				PRODUCT_NAME = "$(TARGET_NAME)";
				SWIFT_EMIT_LOC_STRINGS = NO;
				SWIFT_VERSION = 5.0;
				TARGETED_DEVICE_FAMILY = "1,2";
				TEST_HOST = "$(BUILT_PRODUCTS_DIR)/Example.app/Example";
			};
			name = Debug;
		};
		58BAAAEB28BEA5BA004523F9 /* Release */ = {
			isa = XCBuildConfiguration;
			buildSettings = {
				ALWAYS_EMBED_SWIFT_STANDARD_LIBRARIES = YES;
				BUNDLE_LOADER = "$(TEST_HOST)";
				CODE_SIGN_STYLE = Automatic;
				CURRENT_PROJECT_VERSION = 1;
				GENERATE_INFOPLIST_FILE = YES;
				IPHONEOS_DEPLOYMENT_TARGET = 15.5;
				MARKETING_VERSION = 1.0;
				PRODUCT_BUNDLE_IDENTIFIER = hu.example.paging.tab.view.ExampleTests;
				PRODUCT_NAME = "$(TARGET_NAME)";
				SWIFT_EMIT_LOC_STRINGS = NO;
				SWIFT_VERSION = 5.0;
				TARGETED_DEVICE_FAMILY = "1,2";
				TEST_HOST = "$(BUILT_PRODUCTS_DIR)/Example.app/Example";
			};
			name = Release;
		};
		58BAAAED28BEA5BA004523F9 /* Debug */ = {
			isa = XCBuildConfiguration;
			buildSettings = {
				ALWAYS_EMBED_SWIFT_STANDARD_LIBRARIES = YES;
				CODE_SIGN_STYLE = Automatic;
				CURRENT_PROJECT_VERSION = 1;
				GENERATE_INFOPLIST_FILE = YES;
				MARKETING_VERSION = 1.0;
				PRODUCT_BUNDLE_IDENTIFIER = hu.example.paging.tab.view.ExampleUITests;
				PRODUCT_NAME = "$(TARGET_NAME)";
				SWIFT_EMIT_LOC_STRINGS = NO;
				SWIFT_VERSION = 5.0;
				TARGETED_DEVICE_FAMILY = "1,2";
				TEST_TARGET_NAME = Example;
			};
			name = Debug;
		};
		58BAAAEE28BEA5BA004523F9 /* Release */ = {
			isa = XCBuildConfiguration;
			buildSettings = {
				ALWAYS_EMBED_SWIFT_STANDARD_LIBRARIES = YES;
				CODE_SIGN_STYLE = Automatic;
				CURRENT_PROJECT_VERSION = 1;
				GENERATE_INFOPLIST_FILE = YES;
				MARKETING_VERSION = 1.0;
				PRODUCT_BUNDLE_IDENTIFIER = hu.example.paging.tab.view.ExampleUITests;
				PRODUCT_NAME = "$(TARGET_NAME)";
				SWIFT_EMIT_LOC_STRINGS = NO;
				SWIFT_VERSION = 5.0;
				TARGETED_DEVICE_FAMILY = "1,2";
				TEST_TARGET_NAME = Example;
			};
			name = Release;
		};
/* End XCBuildConfiguration section */

/* Begin XCConfigurationList section */
		58BAAABD28BEA5B8004523F9 /* Build configuration list for PBXProject "Example" */ = {
			isa = XCConfigurationList;
			buildConfigurations = (
				58BAAAE428BEA5BA004523F9 /* Debug */,
				58BAAAE528BEA5BA004523F9 /* Release */,
			);
			defaultConfigurationIsVisible = 0;
			defaultConfigurationName = Release;
		};
		58BAAAE628BEA5BA004523F9 /* Build configuration list for PBXNativeTarget "Example" */ = {
			isa = XCConfigurationList;
			buildConfigurations = (
				58BAAAE728BEA5BA004523F9 /* Debug */,
				58BAAAE828BEA5BA004523F9 /* Release */,
			);
			defaultConfigurationIsVisible = 0;
			defaultConfigurationName = Release;
		};
		58BAAAE928BEA5BA004523F9 /* Build configuration list for PBXNativeTarget "ExampleTests" */ = {
			isa = XCConfigurationList;
			buildConfigurations = (
				58BAAAEA28BEA5BA004523F9 /* Debug */,
				58BAAAEB28BEA5BA004523F9 /* Release */,
			);
			defaultConfigurationIsVisible = 0;
			defaultConfigurationName = Release;
		};
		58BAAAEC28BEA5BA004523F9 /* Build configuration list for PBXNativeTarget "ExampleUITests" */ = {
			isa = XCConfigurationList;
			buildConfigurations = (
				58BAAAED28BEA5BA004523F9 /* Debug */,
				58BAAAEE28BEA5BA004523F9 /* Release */,
			);
			defaultConfigurationIsVisible = 0;
			defaultConfigurationName = Release;
		};
/* End XCConfigurationList section */

/* Begin XCRemoteSwiftPackageReference section */
		58BAAAEF28BEA5F9004523F9 /* XCRemoteSwiftPackageReference "PagingTabView" */ = {
			isa = XCRemoteSwiftPackageReference;
			repositoryURL = "https://github.com/stateman92/PagingTabView";
			requirement = {
				kind = upToNextMajorVersion;
				minimumVersion = 0.0.2;
			};
		};
/* End XCRemoteSwiftPackageReference section */

/* Begin XCSwiftPackageProductDependency section */
		58BAAAF028BEA5F9004523F9 /* PagingTabView */ = {
			isa = XCSwiftPackageProductDependency;
			package = 58BAAAEF28BEA5F9004523F9 /* XCRemoteSwiftPackageReference "PagingTabView" */;
			productName = PagingTabView;
		};
/* End XCSwiftPackageProductDependency section */
	};
	rootObject = 58BAAABA28BEA5B8004523F9 /* Project object */;
}
