{
  "pins" : [
    {
      "identity" : "pagingtabview",
      "kind" : "remoteSourceControl",
      "location" : "https://github.com/stateman92/PagingTabView",
      "state" : {
        "revision" : "cea66c27fb93f8a225fe323a1ac0c35c67eb0144",
        "version" : "0.0.5"
      }
    }
  ],
  "version" : 2
}
