{
  "pins" : [
    {
      "identity" : "pagingtabview",
      "kind" : "remoteSourceControl",
      "location" : "https://github.com/stateman92/PagingTabView",
      "state" : {
        "revision" : "cef68b03a90ee2980a54e0ee6336cdeb26ca4c78",
        "version" : "0.0.4"
      }
    }
  ],
  "version" : 2
}
